PODS:
  - Alamofire (4.7.3)
  - AlamofireImage (3.3.1):
    - Alamofire (~> 4.5)
  - AlamofireNetworkActivityIndicator (2.2.1):
    - Alamofire (~> 4.7)
  - AlamofireNetworkActivityLogger (2.3.0):
    - Alamofire (~> 4.6)
  - AlamofireRSSParser (2.1.0):
    - Alamofire
  - Cosmos (16.0.0)
  - Fuzi (2.1.0)
  - Google-Mobile-Ads-SDK (7.32.0)
  - KeychainAccess (3.1.1)
  - SwiftLint (0.27.0)

DEPENDENCIES:
  - Alamofire
  - AlamofireImage
  - AlamofireNetworkActivityIndicator
  - AlamofireNetworkActivityLogger
  - AlamofireRSSParser
  - Cosmos
  - Fuzi
  - Google-Mobile-Ads-SDK
  - KeychainAccess
  - SwiftLint

SPEC REPOS:
  https://github.com/cocoapods/specs.git:
    - Alamofire
    - AlamofireImage
    - AlamofireNetworkActivityIndicator
    - AlamofireNetworkActivityLogger
    - AlamofireRSSParser
    - Cosmos
    - Fuzi
    - Google-Mobile-Ads-SDK
    - KeychainAccess
    - SwiftLint

SPEC CHECKSUMS:
  Alamofire: c7287b6e5d7da964a70935e5db17046b7fde6568
  AlamofireImage: 3b35b586853abaf94ca1250f4e94cff3c21a4c0d
  AlamofireNetworkActivityIndicator: aeac50e6ecb78ec71a5f1f29098bcf4ec2962910
  AlamofireNetworkActivityLogger: 6f3076652ab7fa6c819b59be08ea038d339e36d8
  AlamofireRSSParser: 5fed94de51ff88ea48496d7dfa6e3274100d90d6
  Cosmos: 7bcee0fa858a9355a214f2a181be5dffcee42c81
  Fuzi: 8c57344debff6d3a0c76a9e0f549152defdaaa48
  Google-Mobile-Ads-SDK: 2aca87e46e860f1e1fc0fdc1201dd9caa4be9ba6
  KeychainAccess: 7bd430028059754a3debab3cfc0bd1fc7fb85df3
  SwiftLint: 3207c1faa2240bf8973b191820a116113cd11073

PODFILE CHECKSUM: de71894b00cf66dc72af75e62b59d80e3eea5ccb

COCOAPODS: 1.5.3
