PODS:
  - Alamofire (4.6.0)
  - AlamofireImage (3.3.0):
    - Alamofire (~> 4.5)
  - AlamofireNetworkActivityIndicator (2.2.0):
    - Alamofire (~> 4.5)
  - AlamofireRSSParser (2.1.0):
    - Alamofire
  - BarcodeScanner (3.0.3)
  - Cosmos (13.0.0)
  - Fuzi (2.0.1)
  - KeychainAccess (3.1.0)

DEPENDENCIES:
  - Alamofire
  - AlamofireImage
  - AlamofireNetworkActivityIndicator
  - AlamofireRSSParser
  - BarcodeScanner
  - Cosmos
  - Fuzi
  - KeychainAccess

SPEC CHECKSUMS:
  Alamofire: f41a599bd63041760b26d393ec1069d9d7b917f4
  AlamofireImage: 2e784dc5d00f04903a52c1d169181469c805c3df
  AlamofireNetworkActivityIndicator: 81e1630e7cfed22a4e4e82a174c59e651dc4f8ca
  AlamofireRSSParser: 5fed94de51ff88ea48496d7dfa6e3274100d90d6
  BarcodeScanner: 0ecc25fb8b37e1d34cae9838a4b18b19df2786a2
  Cosmos: af3973becc045af335b64498c9812034876b7661
  Fuzi: f64983dea705491d3aedd32351247a09523e7efd
  KeychainAccess: 94c5540b32eabf7bc32bfb976a268e8ea05fd6da

PODFILE CHECKSUM: bbfab72e9e334204a29ed95b09eeea992122ea50

COCOAPODS: 1.4.0
