// !$*UTF8*$!
{
	archiveVersion = 1;
	classes = {
	};
	objectVersion = 48;
	objects = {

/* Begin PBXBuildFile section */
		291AC5EE1FAF6FAC000DC9DD /* Profile.storyboard in Resources */ = {isa = PBXBuildFile; fileRef = 2921AD8D1FAF6EF200180268 /* Profile.storyboard */; };
		291AC5EF1FAF6FB0000DC9DD /* Search.storyboard in Resources */ = {isa = PBXBuildFile; fileRef = 2921AD8B1FAF6EE000180268 /* Search.storyboard */; };
		291AC5F41FB103E4000DC9DD /* MySetsHeaderView.swift in Sources */ = {isa = PBXBuildFile; fileRef = 291AC5F31FB103E4000DC9DD /* MySetsHeaderView.swift */; };
		291DEE9D1FE27604004906E4 /* UIResponder+Extensions.swift in Sources */ = {isa = PBXBuildFile; fileRef = 291DEE9C1FE27604004906E4 /* UIResponder+Extensions.swift */; };
		2921AD891FAF6C4000180268 /* News.storyboard in Resources */ = {isa = PBXBuildFile; fileRef = 2921AD881FAF6C3800180268 /* News.storyboard */; };
		2928611D1FD50D24005F15D8 /* SearchHistoryTableViewCell.swift in Sources */ = {isa = PBXBuildFile; fileRef = 2928611C1FD50D24005F15D8 /* SearchHistoryTableViewCell.swift */; };
		292F4F571F193092006D5F5B /* BricksetServices.swift in Sources */ = {isa = PBXBuildFile; fileRef = 292F4F561F193092006D5F5B /* BricksetServices.swift */; };
		29365B751F8EBF1C00F6730C /* MySetsViewController.swift in Sources */ = {isa = PBXBuildFile; fileRef = 29365B741F8EBF1C00F6730C /* MySetsViewController.swift */; };
		29365B771F8EBF2A00F6730C /* NewsViewController.swift in Sources */ = {isa = PBXBuildFile; fileRef = 29365B761F8EBF2A00F6730C /* NewsViewController.swift */; };
		29365B791F8EBF3B00F6730C /* ProfileViewController.swift in Sources */ = {isa = PBXBuildFile; fileRef = 29365B781F8EBF3B00F6730C /* ProfileViewController.swift */; };
		29365B7C1F8EDAA500F6730C /* LoginViewController.swift in Sources */ = {isa = PBXBuildFile; fileRef = 29365B7B1F8EDAA500F6730C /* LoginViewController.swift */; };
		293C9A6E1FD495C70058DA59 /* MyBricks.xcdatamodeld in Sources */ = {isa = PBXBuildFile; fileRef = 293C9A6C1FD495C70058DA59 /* MyBricks.xcdatamodeld */; };
		293C9A701FD496BB0058DA59 /* DataManager.swift in Sources */ = {isa = PBXBuildFile; fileRef = 293C9A6F1FD496BB0058DA59 /* DataManager.swift */; };
		2940FD821FD4EAF400F860F3 /* SearchHistoryItem+CoreDataProperties.swift in Sources */ = {isa = PBXBuildFile; fileRef = 2940FD801FD4EAF400F860F3 /* SearchHistoryItem+CoreDataProperties.swift */; };
		2940FD831FD4EAF400F860F3 /* SearchHistoryItem+CoreDataClass.swift in Sources */ = {isa = PBXBuildFile; fileRef = 2940FD811FD4EAF400F860F3 /* SearchHistoryItem+CoreDataClass.swift */; };
		2945A1FD1F9FDB5300827BA7 /* SetDetailTableViewCell.swift in Sources */ = {isa = PBXBuildFile; fileRef = 2945A1FB1F9FDB5300827BA7 /* SetDetailTableViewCell.swift */; };
		2949A94D1FBFBEB500676D59 /* ReviewsViewController.swift in Sources */ = {isa = PBXBuildFile; fileRef = 2949A94C1FBFBEB500676D59 /* ReviewsViewController.swift */; };
		2949A94F1FBFBEC800676D59 /* InstructionsViewController.swift in Sources */ = {isa = PBXBuildFile; fileRef = 2949A94E1FBFBEC800676D59 /* InstructionsViewController.swift */; };
		2949A9511FBFBEE000676D59 /* PartsListViewController.swift in Sources */ = {isa = PBXBuildFile; fileRef = 2949A9501FBFBEE000676D59 /* PartsListViewController.swift */; };
		2949A9531FBFDAED00676D59 /* SetReview.swift in Sources */ = {isa = PBXBuildFile; fileRef = 2949A9521FBFDAED00676D59 /* SetReview.swift */; };
		2949A9551FBFE05E00676D59 /* SetReviewTableViewCell.swift in Sources */ = {isa = PBXBuildFile; fileRef = 2949A9541FBFE05E00676D59 /* SetReviewTableViewCell.swift */; };
		294F187A1FB4EDC20026342F /* GradientView.swift in Sources */ = {isa = PBXBuildFile; fileRef = 294F18791FB4EDC20026342F /* GradientView.swift */; };
		294F187D1FB519A70026342F /* Browse.storyboard in Resources */ = {isa = PBXBuildFile; fileRef = 294F187C1FB519A60026342F /* Browse.storyboard */; };
		294F187F1FB519ED0026342F /* MySets.storyboard in Resources */ = {isa = PBXBuildFile; fileRef = 294F187E1FB519ED0026342F /* MySets.storyboard */; };
		295ADFBD1F16AFFC002E6802 /* AppDelegate.swift in Sources */ = {isa = PBXBuildFile; fileRef = 295ADFBC1F16AFFC002E6802 /* AppDelegate.swift */; };
		295ADFBF1F16AFFD002E6802 /* BrowseThemesViewController.swift in Sources */ = {isa = PBXBuildFile; fileRef = 295ADFBE1F16AFFD002E6802 /* BrowseThemesViewController.swift */; };
		295ADFC11F16AFFD002E6802 /* SearchViewController.swift in Sources */ = {isa = PBXBuildFile; fileRef = 295ADFC01F16AFFD002E6802 /* SearchViewController.swift */; };
		295ADFC41F16AFFD002E6802 /* Main.storyboard in Resources */ = {isa = PBXBuildFile; fileRef = 295ADFC21F16AFFD002E6802 /* Main.storyboard */; };
		295ADFC61F16AFFD002E6802 /* Assets.xcassets in Resources */ = {isa = PBXBuildFile; fileRef = 295ADFC51F16AFFD002E6802 /* Assets.xcassets */; };
		295ADFC91F16AFFD002E6802 /* LaunchScreen.storyboard in Resources */ = {isa = PBXBuildFile; fileRef = 295ADFC71F16AFFD002E6802 /* LaunchScreen.storyboard */; };
		295ADFD41F16AFFD002E6802 /* MyBricksTests.swift in Sources */ = {isa = PBXBuildFile; fileRef = 295ADFD31F16AFFD002E6802 /* MyBricksTests.swift */; };
		295ADFDF1F16AFFD002E6802 /* MyBricksUITests.swift in Sources */ = {isa = PBXBuildFile; fileRef = 295ADFDE1F16AFFD002E6802 /* MyBricksUITests.swift */; };
		2964609E1FA907FC004850F8 /* NewsItemTableViewCell.swift in Sources */ = {isa = PBXBuildFile; fileRef = 2964609C1FA907FC004850F8 /* NewsItemTableViewCell.swift */; };
		2964609F1FA907FC004850F8 /* NewsItemTableViewCell.xib in Resources */ = {isa = PBXBuildFile; fileRef = 2964609D1FA907FC004850F8 /* NewsItemTableViewCell.xib */; };
		296460A11FA92AA2004850F8 /* NewsItemViewController.swift in Sources */ = {isa = PBXBuildFile; fileRef = 296460A01FA92AA2004850F8 /* NewsItemViewController.swift */; };
		296EB6DE1FBF5E3600D4D3C6 /* SetImageTableViewCell.swift in Sources */ = {isa = PBXBuildFile; fileRef = 296EB6DD1FBF5E3600D4D3C6 /* SetImageTableViewCell.swift */; };
		296EB6E01FBF5E4500D4D3C6 /* SetReviewsTableViewCell.swift in Sources */ = {isa = PBXBuildFile; fileRef = 296EB6DF1FBF5E4500D4D3C6 /* SetReviewsTableViewCell.swift */; };
		296EB6E21FBF5E5700D4D3C6 /* SetPartsTableViewCell.swift in Sources */ = {isa = PBXBuildFile; fileRef = 296EB6E11FBF5E5700D4D3C6 /* SetPartsTableViewCell.swift */; };
		296EB6E41FBFA71A00D4D3C6 /* SetRetailPrice.swift in Sources */ = {isa = PBXBuildFile; fileRef = 296EB6E31FBFA71A00D4D3C6 /* SetRetailPrice.swift */; };
		296EB6E61FBFAA6000D4D3C6 /* Locale+Extensions.swift in Sources */ = {isa = PBXBuildFile; fileRef = 296EB6E51FBFAA6000D4D3C6 /* Locale+Extensions.swift */; };
		2973B5781F96834D002CD0DA /* UserPofile.swift in Sources */ = {isa = PBXBuildFile; fileRef = 2973B5771F96834D002CD0DA /* UserPofile.swift */; };
		2973F3441FBE173800861125 /* UIDevice+Extensions.swift in Sources */ = {isa = PBXBuildFile; fileRef = 2973F3431FBE173800861125 /* UIDevice+Extensions.swift */; };
		297476EE1F1D3DC600FC354B /* SetTheme.swift in Sources */ = {isa = PBXBuildFile; fileRef = 297476ED1F1D3DC600FC354B /* SetTheme.swift */; };
		297E119F1F9563F500AAE8CB /* UserCollectionTotals.swift in Sources */ = {isa = PBXBuildFile; fileRef = 297E119E1F9563F500AAE8CB /* UserCollectionTotals.swift */; };
		298F10901FFF3BC800CC14E9 /* GetSetsRequest.swift in Sources */ = {isa = PBXBuildFile; fileRef = 298F108F1FFF3BC800CC14E9 /* GetSetsRequest.swift */; };
		298FC8311FBA45940094D6DF /* BarcodeScannerViewController.swift in Sources */ = {isa = PBXBuildFile; fileRef = 298FC8301FBA45940094D6DF /* BarcodeScannerViewController.swift */; };
		29A523421F310261005F2145 /* UIViewController+Extensions.swift in Sources */ = {isa = PBXBuildFile; fileRef = 29A523411F310261005F2145 /* UIViewController+Extensions.swift */; };
		29AE22CF1FCB9A6500744045 /* SetDescriptionTableViewCell.swift in Sources */ = {isa = PBXBuildFile; fileRef = 29AE22CE1FCB9A6500744045 /* SetDescriptionTableViewCell.swift */; };
		29B9514B1FDBA73E0049147E /* RebrickableServices.swift in Sources */ = {isa = PBXBuildFile; fileRef = 29B9514A1FDBA73E0049147E /* RebrickableServices.swift */; };
		29B9514D1FDBCC8B0049147E /* Element.swift in Sources */ = {isa = PBXBuildFile; fileRef = 29B9514C1FDBCC8B0049147E /* Element.swift */; };
		29B9514F1FDBCC950049147E /* Part.swift in Sources */ = {isa = PBXBuildFile; fileRef = 29B9514E1FDBCC950049147E /* Part.swift */; };
		29B951511FDBCCA00049147E /* Color.swift in Sources */ = {isa = PBXBuildFile; fileRef = 29B951501FDBCCA00049147E /* Color.swift */; };
		29C111A11FC3F0F6007CBDB4 /* UIView+Extensions.swift in Sources */ = {isa = PBXBuildFile; fileRef = 29C111A01FC3F0F6007CBDB4 /* UIView+Extensions.swift */; };
		29C111A31FC4893E007CBDB4 /* ReviewDetailViewController.swift in Sources */ = {isa = PBXBuildFile; fileRef = 29C111A21FC4893E007CBDB4 /* ReviewDetailViewController.swift */; };
		29C111A51FC48988007CBDB4 /* ReviewDetailAnimator.swift in Sources */ = {isa = PBXBuildFile; fileRef = 29C111A41FC48988007CBDB4 /* ReviewDetailAnimator.swift */; };
		29C111A71FCA2E94007CBDB4 /* SetInstructions.swift in Sources */ = {isa = PBXBuildFile; fileRef = 29C111A61FCA2E94007CBDB4 /* SetInstructions.swift */; };
		29C111A91FCA411B007CBDB4 /* InstructionsTableViewCell.swift in Sources */ = {isa = PBXBuildFile; fileRef = 29C111A81FCA411B007CBDB4 /* InstructionsTableViewCell.swift */; };
		29CA94A11F8D508A000F1DE3 /* BrowseSetsViewController.swift in Sources */ = {isa = PBXBuildFile; fileRef = 29CA94A01F8D508A000F1DE3 /* BrowseSetsViewController.swift */; };
		29CA94A31F8D5132000F1DE3 /* Set.swift in Sources */ = {isa = PBXBuildFile; fileRef = 29CA94A21F8D5132000F1DE3 /* Set.swift */; };
		29CA94A61F8D72DC000F1DE3 /* SetTableViewCell.swift in Sources */ = {isa = PBXBuildFile; fileRef = 29CA94A41F8D72DC000F1DE3 /* SetTableViewCell.swift */; };
		29CCD8EE1F993E12009A39CF /* SetDetailViewController.swift in Sources */ = {isa = PBXBuildFile; fileRef = 29CCD8ED1F993E12009A39CF /* SetDetailViewController.swift */; };
		29D30CA31FDDD8F60076DB85 /* GetPartsResponse.swift in Sources */ = {isa = PBXBuildFile; fileRef = 29D30CA21FDDD8F60076DB85 /* GetPartsResponse.swift */; };
		29D30CA51FDE1A690076DB85 /* PartsListTableViewCell.swift in Sources */ = {isa = PBXBuildFile; fileRef = 29D30CA41FDE1A690076DB85 /* PartsListTableViewCell.swift */; };
		29DFEA141FA29BF500AB0AE8 /* SetCollectionTableViewCell.swift in Sources */ = {isa = PBXBuildFile; fileRef = 29DFEA121FA29BF500AB0AE8 /* SetCollectionTableViewCell.swift */; };
		29E86FDB1F31293900A67179 /* ThemeTableViewCell.swift in Sources */ = {isa = PBXBuildFile; fileRef = 29E86FD91F31293900A67179 /* ThemeTableViewCell.swift */; };
		29F60F5B1FD3769E00DF2E48 /* PreviewView.swift in Sources */ = {isa = PBXBuildFile; fileRef = 29F60F5A1FD3769E00DF2E48 /* PreviewView.swift */; };
		29FCC3461FBA14F500079032 /* SetDetail.swift in Sources */ = {isa = PBXBuildFile; fileRef = 29FCC3451FBA14F500079032 /* SetDetail.swift */; };
		71EA93350D446E8447D819DE /* Pods_MyBricks.framework in Frameworks */ = {isa = PBXBuildFile; fileRef = 8C7DD5EA6F08ABC5549DF63C /* Pods_MyBricks.framework */; };
/* End PBXBuildFile section */

/* Begin PBXContainerItemProxy section */
		295ADFD01F16AFFD002E6802 /* PBXContainerItemProxy */ = {
			isa = PBXContainerItemProxy;
			containerPortal = 295ADFB11F16AFFC002E6802 /* Project object */;
			proxyType = 1;
			remoteGlobalIDString = 295ADFB81F16AFFC002E6802;
			remoteInfo = MyBricks;
		};
		295ADFDB1F16AFFD002E6802 /* PBXContainerItemProxy */ = {
			isa = PBXContainerItemProxy;
			containerPortal = 295ADFB11F16AFFC002E6802 /* Project object */;
			proxyType = 1;
			remoteGlobalIDString = 295ADFB81F16AFFC002E6802;
			remoteInfo = MyBricks;
		};
/* End PBXContainerItemProxy section */

/* Begin PBXCopyFilesBuildPhase section */
		29E820251FA7A6CF001444C8 /* Embed Frameworks */ = {
			isa = PBXCopyFilesBuildPhase;
			buildActionMask = 2147483647;
			dstPath = "";
			dstSubfolderSpec = 10;
			files = (
			);
			name = "Embed Frameworks";
			runOnlyForDeploymentPostprocessing = 0;
		};
/* End PBXCopyFilesBuildPhase section */

/* Begin PBXFileReference section */
		291AC5F31FB103E4000DC9DD /* MySetsHeaderView.swift */ = {isa = PBXFileReference; lastKnownFileType = sourcecode.swift; path = MySetsHeaderView.swift; sourceTree = "<group>"; };
		291DEE9C1FE27604004906E4 /* UIResponder+Extensions.swift */ = {isa = PBXFileReference; lastKnownFileType = sourcecode.swift; path = "UIResponder+Extensions.swift"; sourceTree = "<group>"; };
		2921AD881FAF6C3800180268 /* News.storyboard */ = {isa = PBXFileReference; lastKnownFileType = file.storyboard; path = News.storyboard; sourceTree = "<group>"; };
		2921AD8B1FAF6EE000180268 /* Search.storyboard */ = {isa = PBXFileReference; lastKnownFileType = file.storyboard; path = Search.storyboard; sourceTree = "<group>"; };
		2921AD8D1FAF6EF200180268 /* Profile.storyboard */ = {isa = PBXFileReference; lastKnownFileType = file.storyboard; path = Profile.storyboard; sourceTree = "<group>"; };
		2928611C1FD50D24005F15D8 /* SearchHistoryTableViewCell.swift */ = {isa = PBXFileReference; lastKnownFileType = sourcecode.swift; path = SearchHistoryTableViewCell.swift; sourceTree = "<group>"; };
		292F4F561F193092006D5F5B /* BricksetServices.swift */ = {isa = PBXFileReference; lastKnownFileType = sourcecode.swift; path = BricksetServices.swift; sourceTree = "<group>"; };
		29365B741F8EBF1C00F6730C /* MySetsViewController.swift */ = {isa = PBXFileReference; lastKnownFileType = sourcecode.swift; path = MySetsViewController.swift; sourceTree = "<group>"; };
		29365B761F8EBF2A00F6730C /* NewsViewController.swift */ = {isa = PBXFileReference; lastKnownFileType = sourcecode.swift; path = NewsViewController.swift; sourceTree = "<group>"; };
		29365B781F8EBF3B00F6730C /* ProfileViewController.swift */ = {isa = PBXFileReference; lastKnownFileType = sourcecode.swift; path = ProfileViewController.swift; sourceTree = "<group>"; };
		29365B7B1F8EDAA500F6730C /* LoginViewController.swift */ = {isa = PBXFileReference; lastKnownFileType = sourcecode.swift; path = LoginViewController.swift; sourceTree = "<group>"; };
		29365B7D1F8EDAEC00F6730C /* MyBricks.entitlements */ = {isa = PBXFileReference; lastKnownFileType = text.plist.entitlements; path = MyBricks.entitlements; sourceTree = "<group>"; };
		293C9A6D1FD495C70058DA59 /* MyBricks.xcdatamodel */ = {isa = PBXFileReference; lastKnownFileType = wrapper.xcdatamodel; path = MyBricks.xcdatamodel; sourceTree = "<group>"; };
		293C9A6F1FD496BB0058DA59 /* DataManager.swift */ = {isa = PBXFileReference; lastKnownFileType = sourcecode.swift; path = DataManager.swift; sourceTree = "<group>"; };
		2940FD801FD4EAF400F860F3 /* SearchHistoryItem+CoreDataProperties.swift */ = {isa = PBXFileReference; fileEncoding = 4; lastKnownFileType = sourcecode.swift; name = "SearchHistoryItem+CoreDataProperties.swift"; path = "MyBricks/CoreData/Entities/SearchHistoryItem+CoreDataProperties.swift"; sourceTree = SOURCE_ROOT; };
		2940FD811FD4EAF400F860F3 /* SearchHistoryItem+CoreDataClass.swift */ = {isa = PBXFileReference; fileEncoding = 4; lastKnownFileType = sourcecode.swift; name = "SearchHistoryItem+CoreDataClass.swift"; path = "MyBricks/CoreData/Entities/SearchHistoryItem+CoreDataClass.swift"; sourceTree = SOURCE_ROOT; };
		2945A1FB1F9FDB5300827BA7 /* SetDetailTableViewCell.swift */ = {isa = PBXFileReference; lastKnownFileType = sourcecode.swift; path = SetDetailTableViewCell.swift; sourceTree = "<group>"; };
		2949A94C1FBFBEB500676D59 /* ReviewsViewController.swift */ = {isa = PBXFileReference; lastKnownFileType = sourcecode.swift; path = ReviewsViewController.swift; sourceTree = "<group>"; };
		2949A94E1FBFBEC800676D59 /* InstructionsViewController.swift */ = {isa = PBXFileReference; lastKnownFileType = sourcecode.swift; path = InstructionsViewController.swift; sourceTree = "<group>"; };
		2949A9501FBFBEE000676D59 /* PartsListViewController.swift */ = {isa = PBXFileReference; lastKnownFileType = sourcecode.swift; path = PartsListViewController.swift; sourceTree = "<group>"; };
		2949A9521FBFDAED00676D59 /* SetReview.swift */ = {isa = PBXFileReference; lastKnownFileType = sourcecode.swift; path = SetReview.swift; sourceTree = "<group>"; };
		2949A9541FBFE05E00676D59 /* SetReviewTableViewCell.swift */ = {isa = PBXFileReference; lastKnownFileType = sourcecode.swift; path = SetReviewTableViewCell.swift; sourceTree = "<group>"; };
		294F18791FB4EDC20026342F /* GradientView.swift */ = {isa = PBXFileReference; lastKnownFileType = sourcecode.swift; path = GradientView.swift; sourceTree = "<group>"; };
		294F187C1FB519A60026342F /* Browse.storyboard */ = {isa = PBXFileReference; fileEncoding = 4; lastKnownFileType = file.storyboard; path = Browse.storyboard; sourceTree = "<group>"; };
		294F187E1FB519ED0026342F /* MySets.storyboard */ = {isa = PBXFileReference; fileEncoding = 4; lastKnownFileType = file.storyboard; path = MySets.storyboard; sourceTree = "<group>"; };
		295ADFB91F16AFFC002E6802 /* MyBricks.app */ = {isa = PBXFileReference; explicitFileType = wrapper.application; includeInIndex = 0; path = MyBricks.app; sourceTree = BUILT_PRODUCTS_DIR; };
		295ADFBC1F16AFFC002E6802 /* AppDelegate.swift */ = {isa = PBXFileReference; lastKnownFileType = sourcecode.swift; path = AppDelegate.swift; sourceTree = "<group>"; };
		295ADFBE1F16AFFD002E6802 /* BrowseThemesViewController.swift */ = {isa = PBXFileReference; lastKnownFileType = sourcecode.swift; path = BrowseThemesViewController.swift; sourceTree = "<group>"; };
		295ADFC01F16AFFD002E6802 /* SearchViewController.swift */ = {isa = PBXFileReference; lastKnownFileType = sourcecode.swift; path = SearchViewController.swift; sourceTree = "<group>"; };
		295ADFC31F16AFFD002E6802 /* Base */ = {isa = PBXFileReference; lastKnownFileType = file.storyboard; name = Base; path = Base.lproj/Main.storyboard; sourceTree = "<group>"; };
		295ADFC51F16AFFD002E6802 /* Assets.xcassets */ = {isa = PBXFileReference; lastKnownFileType = folder.assetcatalog; path = Assets.xcassets; sourceTree = "<group>"; };
		295ADFC81F16AFFD002E6802 /* Base */ = {isa = PBXFileReference; lastKnownFileType = file.storyboard; name = Base; path = Base.lproj/LaunchScreen.storyboard; sourceTree = "<group>"; };
		295ADFCA1F16AFFD002E6802 /* Info.plist */ = {isa = PBXFileReference; lastKnownFileType = text.plist.xml; path = Info.plist; sourceTree = "<group>"; };
		295ADFCF1F16AFFD002E6802 /* MyBricksTests.xctest */ = {isa = PBXFileReference; explicitFileType = wrapper.cfbundle; includeInIndex = 0; path = MyBricksTests.xctest; sourceTree = BUILT_PRODUCTS_DIR; };
		295ADFD31F16AFFD002E6802 /* MyBricksTests.swift */ = {isa = PBXFileReference; lastKnownFileType = sourcecode.swift; path = MyBricksTests.swift; sourceTree = "<group>"; };
		295ADFD51F16AFFD002E6802 /* Info.plist */ = {isa = PBXFileReference; lastKnownFileType = text.plist.xml; path = Info.plist; sourceTree = "<group>"; };
		295ADFDA1F16AFFD002E6802 /* MyBricksUITests.xctest */ = {isa = PBXFileReference; explicitFileType = wrapper.cfbundle; includeInIndex = 0; path = MyBricksUITests.xctest; sourceTree = BUILT_PRODUCTS_DIR; };
		295ADFDE1F16AFFD002E6802 /* MyBricksUITests.swift */ = {isa = PBXFileReference; lastKnownFileType = sourcecode.swift; path = MyBricksUITests.swift; sourceTree = "<group>"; };
		295ADFE01F16AFFD002E6802 /* Info.plist */ = {isa = PBXFileReference; lastKnownFileType = text.plist.xml; path = Info.plist; sourceTree = "<group>"; };
		2964609C1FA907FC004850F8 /* NewsItemTableViewCell.swift */ = {isa = PBXFileReference; lastKnownFileType = sourcecode.swift; path = NewsItemTableViewCell.swift; sourceTree = "<group>"; };
		2964609D1FA907FC004850F8 /* NewsItemTableViewCell.xib */ = {isa = PBXFileReference; lastKnownFileType = file.xib; path = NewsItemTableViewCell.xib; sourceTree = "<group>"; };
		296460A01FA92AA2004850F8 /* NewsItemViewController.swift */ = {isa = PBXFileReference; lastKnownFileType = sourcecode.swift; path = NewsItemViewController.swift; sourceTree = "<group>"; };
		296EB6DD1FBF5E3600D4D3C6 /* SetImageTableViewCell.swift */ = {isa = PBXFileReference; lastKnownFileType = sourcecode.swift; path = SetImageTableViewCell.swift; sourceTree = "<group>"; };
		296EB6DF1FBF5E4500D4D3C6 /* SetReviewsTableViewCell.swift */ = {isa = PBXFileReference; lastKnownFileType = sourcecode.swift; path = SetReviewsTableViewCell.swift; sourceTree = "<group>"; };
		296EB6E11FBF5E5700D4D3C6 /* SetPartsTableViewCell.swift */ = {isa = PBXFileReference; lastKnownFileType = sourcecode.swift; path = SetPartsTableViewCell.swift; sourceTree = "<group>"; };
		296EB6E31FBFA71A00D4D3C6 /* SetRetailPrice.swift */ = {isa = PBXFileReference; lastKnownFileType = sourcecode.swift; path = SetRetailPrice.swift; sourceTree = "<group>"; };
		296EB6E51FBFAA6000D4D3C6 /* Locale+Extensions.swift */ = {isa = PBXFileReference; lastKnownFileType = sourcecode.swift; path = "Locale+Extensions.swift"; sourceTree = "<group>"; };
		2973B5771F96834D002CD0DA /* UserPofile.swift */ = {isa = PBXFileReference; lastKnownFileType = sourcecode.swift; path = UserPofile.swift; sourceTree = "<group>"; };
		2973F3431FBE173800861125 /* UIDevice+Extensions.swift */ = {isa = PBXFileReference; lastKnownFileType = sourcecode.swift; path = "UIDevice+Extensions.swift"; sourceTree = "<group>"; };
		297476ED1F1D3DC600FC354B /* SetTheme.swift */ = {isa = PBXFileReference; lastKnownFileType = sourcecode.swift; path = SetTheme.swift; sourceTree = "<group>"; };
		297E119E1F9563F500AAE8CB /* UserCollectionTotals.swift */ = {isa = PBXFileReference; lastKnownFileType = sourcecode.swift; path = UserCollectionTotals.swift; sourceTree = "<group>"; };
		298F108F1FFF3BC800CC14E9 /* GetSetsRequest.swift */ = {isa = PBXFileReference; lastKnownFileType = sourcecode.swift; path = GetSetsRequest.swift; sourceTree = "<group>"; };
		298FC8301FBA45940094D6DF /* BarcodeScannerViewController.swift */ = {isa = PBXFileReference; lastKnownFileType = sourcecode.swift; path = BarcodeScannerViewController.swift; sourceTree = "<group>"; };
		29A523411F310261005F2145 /* UIViewController+Extensions.swift */ = {isa = PBXFileReference; lastKnownFileType = sourcecode.swift; path = "UIViewController+Extensions.swift"; sourceTree = "<group>"; };
		29AE22CE1FCB9A6500744045 /* SetDescriptionTableViewCell.swift */ = {isa = PBXFileReference; lastKnownFileType = sourcecode.swift; path = SetDescriptionTableViewCell.swift; sourceTree = "<group>"; };
		29AF63FA1FB66445001B14AD /* README.md */ = {isa = PBXFileReference; fileEncoding = 4; lastKnownFileType = net.daringfireball.markdown; path = README.md; sourceTree = SOURCE_ROOT; };
		29B9514A1FDBA73E0049147E /* RebrickableServices.swift */ = {isa = PBXFileReference; lastKnownFileType = sourcecode.swift; path = RebrickableServices.swift; sourceTree = "<group>"; };
		29B9514C1FDBCC8B0049147E /* Element.swift */ = {isa = PBXFileReference; lastKnownFileType = sourcecode.swift; path = Element.swift; sourceTree = "<group>"; };
		29B9514E1FDBCC950049147E /* Part.swift */ = {isa = PBXFileReference; lastKnownFileType = sourcecode.swift; path = Part.swift; sourceTree = "<group>"; };
		29B951501FDBCCA00049147E /* Color.swift */ = {isa = PBXFileReference; lastKnownFileType = sourcecode.swift; path = Color.swift; sourceTree = "<group>"; };
		29C111A01FC3F0F6007CBDB4 /* UIView+Extensions.swift */ = {isa = PBXFileReference; lastKnownFileType = sourcecode.swift; path = "UIView+Extensions.swift"; sourceTree = "<group>"; };
		29C111A21FC4893E007CBDB4 /* ReviewDetailViewController.swift */ = {isa = PBXFileReference; lastKnownFileType = sourcecode.swift; path = ReviewDetailViewController.swift; sourceTree = "<group>"; };
		29C111A41FC48988007CBDB4 /* ReviewDetailAnimator.swift */ = {isa = PBXFileReference; lastKnownFileType = sourcecode.swift; path = ReviewDetailAnimator.swift; sourceTree = "<group>"; };
		29C111A61FCA2E94007CBDB4 /* SetInstructions.swift */ = {isa = PBXFileReference; lastKnownFileType = sourcecode.swift; path = SetInstructions.swift; sourceTree = "<group>"; };
		29C111A81FCA411B007CBDB4 /* InstructionsTableViewCell.swift */ = {isa = PBXFileReference; lastKnownFileType = sourcecode.swift; path = InstructionsTableViewCell.swift; sourceTree = "<group>"; };
		29CA94A01F8D508A000F1DE3 /* BrowseSetsViewController.swift */ = {isa = PBXFileReference; lastKnownFileType = sourcecode.swift; path = BrowseSetsViewController.swift; sourceTree = "<group>"; };
		29CA94A21F8D5132000F1DE3 /* Set.swift */ = {isa = PBXFileReference; lastKnownFileType = sourcecode.swift; path = Set.swift; sourceTree = "<group>"; };
		29CA94A41F8D72DC000F1DE3 /* SetTableViewCell.swift */ = {isa = PBXFileReference; lastKnownFileType = sourcecode.swift; path = SetTableViewCell.swift; sourceTree = "<group>"; };
		29CCD8ED1F993E12009A39CF /* SetDetailViewController.swift */ = {isa = PBXFileReference; lastKnownFileType = sourcecode.swift; path = SetDetailViewController.swift; sourceTree = "<group>"; };
		29D30CA21FDDD8F60076DB85 /* GetPartsResponse.swift */ = {isa = PBXFileReference; lastKnownFileType = sourcecode.swift; path = GetPartsResponse.swift; sourceTree = "<group>"; };
		29D30CA41FDE1A690076DB85 /* PartsListTableViewCell.swift */ = {isa = PBXFileReference; lastKnownFileType = sourcecode.swift; path = PartsListTableViewCell.swift; sourceTree = "<group>"; };
		29DFEA121FA29BF500AB0AE8 /* SetCollectionTableViewCell.swift */ = {isa = PBXFileReference; lastKnownFileType = sourcecode.swift; path = SetCollectionTableViewCell.swift; sourceTree = "<group>"; };
		29E86FD91F31293900A67179 /* ThemeTableViewCell.swift */ = {isa = PBXFileReference; lastKnownFileType = sourcecode.swift; path = ThemeTableViewCell.swift; sourceTree = "<group>"; };
		29F60F5A1FD3769E00DF2E48 /* PreviewView.swift */ = {isa = PBXFileReference; fileEncoding = 4; lastKnownFileType = sourcecode.swift; path = PreviewView.swift; sourceTree = "<group>"; };
		29FCC3451FBA14F500079032 /* SetDetail.swift */ = {isa = PBXFileReference; lastKnownFileType = sourcecode.swift; path = SetDetail.swift; sourceTree = "<group>"; };
		593F839198E1796EC36B980B /* Pods-MyBricks.debug.xcconfig */ = {isa = PBXFileReference; includeInIndex = 1; lastKnownFileType = text.xcconfig; name = "Pods-MyBricks.debug.xcconfig"; path = "Pods/Target Support Files/Pods-MyBricks/Pods-MyBricks.debug.xcconfig"; sourceTree = "<group>"; };
		8C7DD5EA6F08ABC5549DF63C /* Pods_MyBricks.framework */ = {isa = PBXFileReference; explicitFileType = wrapper.framework; includeInIndex = 0; path = Pods_MyBricks.framework; sourceTree = BUILT_PRODUCTS_DIR; };
		9C22940D3A15FE3E6B89AED7 /* Pods-MyBricks.release.xcconfig */ = {isa = PBXFileReference; includeInIndex = 1; lastKnownFileType = text.xcconfig; name = "Pods-MyBricks.release.xcconfig"; path = "Pods/Target Support Files/Pods-MyBricks/Pods-MyBricks.release.xcconfig"; sourceTree = "<group>"; };
		9D94ECA9368FE445BFD6F31C /* Pods_MyBricksUITests.framework */ = {isa = PBXFileReference; explicitFileType = wrapper.framework; includeInIndex = 0; path = Pods_MyBricksUITests.framework; sourceTree = BUILT_PRODUCTS_DIR; };
		A148411968C617C0F1616A5A /* Pods_MyBricksTests.framework */ = {isa = PBXFileReference; explicitFileType = wrapper.framework; includeInIndex = 0; path = Pods_MyBricksTests.framework; sourceTree = BUILT_PRODUCTS_DIR; };
/* End PBXFileReference section */

/* Begin PBXFrameworksBuildPhase section */
		295ADFB61F16AFFC002E6802 /* Frameworks */ = {
			isa = PBXFrameworksBuildPhase;
			buildActionMask = 2147483647;
			files = (
				71EA93350D446E8447D819DE /* Pods_MyBricks.framework in Frameworks */,
			);
			runOnlyForDeploymentPostprocessing = 0;
		};
		295ADFCC1F16AFFD002E6802 /* Frameworks */ = {
			isa = PBXFrameworksBuildPhase;
			buildActionMask = 2147483647;
			files = (
			);
			runOnlyForDeploymentPostprocessing = 0;
		};
		295ADFD71F16AFFD002E6802 /* Frameworks */ = {
			isa = PBXFrameworksBuildPhase;
			buildActionMask = 2147483647;
			files = (
			);
			runOnlyForDeploymentPostprocessing = 0;
		};
/* End PBXFrameworksBuildPhase section */

/* Begin PBXGroup section */
		290F179D1FD8D37E0002C70B /* Common */ = {
			isa = PBXGroup;
			children = (
				290F179E1FD8D3880002C70B /* Views */,
			);
			path = Common;
			sourceTree = "<group>";
		};
		290F179E1FD8D3880002C70B /* Views */ = {
			isa = PBXGroup;
			children = (
				294F18791FB4EDC20026342F /* GradientView.swift */,
			);
			path = Views;
			sourceTree = "<group>";
		};
		2928611B1FD50D0A005F15D8 /* Cells */ = {
			isa = PBXGroup;
			children = (
				2928611C1FD50D24005F15D8 /* SearchHistoryTableViewCell.swift */,
			);
			path = Cells;
			sourceTree = "<group>";
		};
		292F4F541F192CA2006D5F5B /* Frameworks */ = {
			isa = PBXGroup;
			children = (
				8C7DD5EA6F08ABC5549DF63C /* Pods_MyBricks.framework */,
				A148411968C617C0F1616A5A /* Pods_MyBricksTests.framework */,
				9D94ECA9368FE445BFD6F31C /* Pods_MyBricksUITests.framework */,
			);
			name = Frameworks;
			sourceTree = "<group>";
		};
		29365B701F8EBE7E00F6730C /* Tab My Sets */ = {
			isa = PBXGroup;
			children = (
				294F187E1FB519ED0026342F /* MySets.storyboard */,
				291AC5F31FB103E4000DC9DD /* MySetsHeaderView.swift */,
				29365B741F8EBF1C00F6730C /* MySetsViewController.swift */,
			);
			path = "Tab My Sets";
			sourceTree = "<group>";
		};
		29365B711F8EBE9D00F6730C /* Tab News */ = {
			isa = PBXGroup;
			children = (
				2964609B1FA907CC004850F8 /* Cells */,
				2921AD881FAF6C3800180268 /* News.storyboard */,
				296460A01FA92AA2004850F8 /* NewsItemViewController.swift */,
				29365B761F8EBF2A00F6730C /* NewsViewController.swift */,
			);
			path = "Tab News";
			sourceTree = "<group>";
		};
		29365B721F8EBEA600F6730C /* Tab Profile */ = {
			isa = PBXGroup;
			children = (
				29365B7B1F8EDAA500F6730C /* LoginViewController.swift */,
				2921AD8D1FAF6EF200180268 /* Profile.storyboard */,
				29365B781F8EBF3B00F6730C /* ProfileViewController.swift */,
			);
			path = "Tab Profile";
			sourceTree = "<group>";
		};
		29365B731F8EBEE000F6730C /* Resources */ = {
			isa = PBXGroup;
			children = (
				295ADFC51F16AFFD002E6802 /* Assets.xcassets */,
				295ADFC71F16AFFD002E6802 /* LaunchScreen.storyboard */,
				295ADFC21F16AFFD002E6802 /* Main.storyboard */,
			);
			path = Resources;
			sourceTree = "<group>";
		};
		293C9A6B1FD495A00058DA59 /* CoreData */ = {
			isa = PBXGroup;
			children = (
				2940FD7F1FD4EADF00F860F3 /* Entities */,
				293C9A6C1FD495C70058DA59 /* MyBricks.xcdatamodeld */,
				293C9A6F1FD496BB0058DA59 /* DataManager.swift */,
			);
			path = CoreData;
			sourceTree = "<group>";
		};
		2940FD7F1FD4EADF00F860F3 /* Entities */ = {
			isa = PBXGroup;
			children = (
				2940FD811FD4EAF400F860F3 /* SearchHistoryItem+CoreDataClass.swift */,
				2940FD801FD4EAF400F860F3 /* SearchHistoryItem+CoreDataProperties.swift */,
			);
			path = Entities;
			sourceTree = "<group>";
		};
		294F187B1FB5185A0026342F /* Controllers */ = {
			isa = PBXGroup;
			children = (
				29E86FCB1F3128D600A67179 /* Tab Browse */,
				29365B701F8EBE7E00F6730C /* Tab My Sets */,
				29365B711F8EBE9D00F6730C /* Tab News */,
				29365B721F8EBEA600F6730C /* Tab Profile */,
				29E86FD61F3128E800A67179 /* Tab Search */,
			);
			path = Controllers;
			sourceTree = "<group>";
		};
		295ADFB01F16AFFC002E6802 = {
			isa = PBXGroup;
			children = (
				295ADFBB1F16AFFC002E6802 /* MyBricks */,
				295ADFD21F16AFFD002E6802 /* MyBricksTests */,
				295ADFDD1F16AFFD002E6802 /* MyBricksUITests */,
				295ADFBA1F16AFFC002E6802 /* Products */,
				292F4F541F192CA2006D5F5B /* Frameworks */,
				FF63C2F8FBB7E309CDB9D36A /* Pods */,
			);
			sourceTree = "<group>";
		};
		295ADFBA1F16AFFC002E6802 /* Products */ = {
			isa = PBXGroup;
			children = (
				295ADFB91F16AFFC002E6802 /* MyBricks.app */,
				295ADFCF1F16AFFD002E6802 /* MyBricksTests.xctest */,
				295ADFDA1F16AFFD002E6802 /* MyBricksUITests.xctest */,
			);
			name = Products;
			sourceTree = "<group>";
		};
		295ADFBB1F16AFFC002E6802 /* MyBricks */ = {
			isa = PBXGroup;
			children = (
				290F179D1FD8D37E0002C70B /* Common */,
				295ADFBC1F16AFFC002E6802 /* AppDelegate.swift */,
				293C9A6B1FD495A00058DA59 /* CoreData */,
				294F187B1FB5185A0026342F /* Controllers */,
				29A523361F310243005F2145 /* Extensions */,
				297476E21F1D351B00FC354B /* Model */,
				29365B731F8EBEE000F6730C /* Resources */,
				29AD73F31F16CB9800705D23 /* Services */,
				29C8525C1F9163B100C0217E /* Support */,
			);
			path = MyBricks;
			sourceTree = "<group>";
		};
		295ADFD21F16AFFD002E6802 /* MyBricksTests */ = {
			isa = PBXGroup;
			children = (
				295ADFD31F16AFFD002E6802 /* MyBricksTests.swift */,
				295ADFD51F16AFFD002E6802 /* Info.plist */,
			);
			path = MyBricksTests;
			sourceTree = "<group>";
		};
		295ADFDD1F16AFFD002E6802 /* MyBricksUITests */ = {
			isa = PBXGroup;
			children = (
				295ADFDE1F16AFFD002E6802 /* MyBricksUITests.swift */,
				295ADFE01F16AFFD002E6802 /* Info.plist */,
			);
			path = MyBricksUITests;
			sourceTree = "<group>";
		};
		2964609B1FA907CC004850F8 /* Cells */ = {
			isa = PBXGroup;
			children = (
				2964609C1FA907FC004850F8 /* NewsItemTableViewCell.swift */,
				2964609D1FA907FC004850F8 /* NewsItemTableViewCell.xib */,
			);
			path = Cells;
			sourceTree = "<group>";
		};
		297476E21F1D351B00FC354B /* Model */ = {
			isa = PBXGroup;
			children = (
				29CA94A21F8D5132000F1DE3 /* Set.swift */,
				29FCC3451FBA14F500079032 /* SetDetail.swift */,
				296EB6E31FBFA71A00D4D3C6 /* SetRetailPrice.swift */,
				297476ED1F1D3DC600FC354B /* SetTheme.swift */,
				297E119E1F9563F500AAE8CB /* UserCollectionTotals.swift */,
				2973B5771F96834D002CD0DA /* UserPofile.swift */,
				2949A9521FBFDAED00676D59 /* SetReview.swift */,
				29C111A61FCA2E94007CBDB4 /* SetInstructions.swift */,
				29B9514C1FDBCC8B0049147E /* Element.swift */,
				29B9514E1FDBCC950049147E /* Part.swift */,
				29B951501FDBCCA00049147E /* Color.swift */,
			);
			path = Model;
			sourceTree = "<group>";
		};
		29A523361F310243005F2145 /* Extensions */ = {
			isa = PBXGroup;
			children = (
				296EB6E51FBFAA6000D4D3C6 /* Locale+Extensions.swift */,
				2973F3431FBE173800861125 /* UIDevice+Extensions.swift */,
				291DEE9C1FE27604004906E4 /* UIResponder+Extensions.swift */,
				29C111A01FC3F0F6007CBDB4 /* UIView+Extensions.swift */,
				29A523411F310261005F2145 /* UIViewController+Extensions.swift */,
			);
			path = Extensions;
			sourceTree = "<group>";
		};
		29AD73F31F16CB9800705D23 /* Services */ = {
			isa = PBXGroup;
			children = (
				29D30CA11FDDD8DA0076DB85 /* Model */,
				292F4F561F193092006D5F5B /* BricksetServices.swift */,
				29B9514A1FDBA73E0049147E /* RebrickableServices.swift */,
			);
			path = Services;
			sourceTree = "<group>";
		};
		29C8525C1F9163B100C0217E /* Support */ = {
			isa = PBXGroup;
			children = (
				295ADFCA1F16AFFD002E6802 /* Info.plist */,
				29365B7D1F8EDAEC00F6730C /* MyBricks.entitlements */,
				29AF63FA1FB66445001B14AD /* README.md */,
			);
			path = Support;
			sourceTree = "<group>";
		};
		29D30CA11FDDD8DA0076DB85 /* Model */ = {
			isa = PBXGroup;
			children = (
				29D30CA21FDDD8F60076DB85 /* GetPartsResponse.swift */,
				298F108F1FFF3BC800CC14E9 /* GetSetsRequest.swift */,
			);
			path = Model;
			sourceTree = "<group>";
		};
		29E86FCB1F3128D600A67179 /* Tab Browse */ = {
			isa = PBXGroup;
			children = (
				29E86FD71F3128F800A67179 /* Cells */,
				294F187C1FB519A60026342F /* Browse.storyboard */,
				29CA94A01F8D508A000F1DE3 /* BrowseSetsViewController.swift */,
				295ADFBE1F16AFFD002E6802 /* BrowseThemesViewController.swift */,
				2949A94E1FBFBEC800676D59 /* InstructionsViewController.swift */,
				2949A9501FBFBEE000676D59 /* PartsListViewController.swift */,
				29C111A41FC48988007CBDB4 /* ReviewDetailAnimator.swift */,
				29C111A21FC4893E007CBDB4 /* ReviewDetailViewController.swift */,
				2949A94C1FBFBEB500676D59 /* ReviewsViewController.swift */,
				29CCD8ED1F993E12009A39CF /* SetDetailViewController.swift */,
			);
			path = "Tab Browse";
			sourceTree = "<group>";
		};
		29E86FD61F3128E800A67179 /* Tab Search */ = {
			isa = PBXGroup;
			children = (
				2928611B1FD50D0A005F15D8 /* Cells */,
				29F60F5C1FD376A200DF2E48 /* Views */,
				298FC8301FBA45940094D6DF /* BarcodeScannerViewController.swift */,
				2921AD8B1FAF6EE000180268 /* Search.storyboard */,
				295ADFC01F16AFFD002E6802 /* SearchViewController.swift */,
			);
			path = "Tab Search";
			sourceTree = "<group>";
		};
		29E86FD71F3128F800A67179 /* Cells */ = {
			isa = PBXGroup;
			children = (
				29C111A81FCA411B007CBDB4 /* InstructionsTableViewCell.swift */,
				29DFEA121FA29BF500AB0AE8 /* SetCollectionTableViewCell.swift */,
				29AE22CE1FCB9A6500744045 /* SetDescriptionTableViewCell.swift */,
				2945A1FB1F9FDB5300827BA7 /* SetDetailTableViewCell.swift */,
				296EB6DD1FBF5E3600D4D3C6 /* SetImageTableViewCell.swift */,
				296EB6E11FBF5E5700D4D3C6 /* SetPartsTableViewCell.swift */,
				296EB6DF1FBF5E4500D4D3C6 /* SetReviewsTableViewCell.swift */,
				2949A9541FBFE05E00676D59 /* SetReviewTableViewCell.swift */,
				29CA94A41F8D72DC000F1DE3 /* SetTableViewCell.swift */,
				29E86FD91F31293900A67179 /* ThemeTableViewCell.swift */,
				29D30CA41FDE1A690076DB85 /* PartsListTableViewCell.swift */,
			);
			path = Cells;
			sourceTree = "<group>";
		};
		29F60F5C1FD376A200DF2E48 /* Views */ = {
			isa = PBXGroup;
			children = (
				29F60F5A1FD3769E00DF2E48 /* PreviewView.swift */,
			);
			path = Views;
			sourceTree = "<group>";
		};
		FF63C2F8FBB7E309CDB9D36A /* Pods */ = {
			isa = PBXGroup;
			children = (
				593F839198E1796EC36B980B /* Pods-MyBricks.debug.xcconfig */,
				9C22940D3A15FE3E6B89AED7 /* Pods-MyBricks.release.xcconfig */,
			);
			name = Pods;
			sourceTree = "<group>";
		};
/* End PBXGroup section */

/* Begin PBXNativeTarget section */
		295ADFB81F16AFFC002E6802 /* MyBricks */ = {
			isa = PBXNativeTarget;
			buildConfigurationList = 295ADFE31F16AFFD002E6802 /* Build configuration list for PBXNativeTarget "MyBricks" */;
			buildPhases = (
				0667D550158D584828E9CF9D /* [CP] Check Pods Manifest.lock */,
				295ADFB51F16AFFC002E6802 /* Sources */,
				295ADFB61F16AFFC002E6802 /* Frameworks */,
				295ADFB71F16AFFC002E6802 /* Resources */,
				AE91F3939A2E845F1D4B3DCA /* [CP] Embed Pods Frameworks */,
				12E271EAB15143EF4441A2E5 /* [CP] Copy Pods Resources */,
				29E820251FA7A6CF001444C8 /* Embed Frameworks */,
			);
			buildRules = (
			);
			dependencies = (
			);
			name = MyBricks;
			productName = MyBricks;
			productReference = 295ADFB91F16AFFC002E6802 /* MyBricks.app */;
			productType = "com.apple.product-type.application";
		};
		295ADFCE1F16AFFD002E6802 /* MyBricksTests */ = {
			isa = PBXNativeTarget;
			buildConfigurationList = 295ADFE61F16AFFD002E6802 /* Build configuration list for PBXNativeTarget "MyBricksTests" */;
			buildPhases = (
				295ADFCB1F16AFFD002E6802 /* Sources */,
				295ADFCC1F16AFFD002E6802 /* Frameworks */,
				295ADFCD1F16AFFD002E6802 /* Resources */,
			);
			buildRules = (
			);
			dependencies = (
				295ADFD11F16AFFD002E6802 /* PBXTargetDependency */,
			);
			name = MyBricksTests;
			productName = MyBricksTests;
			productReference = 295ADFCF1F16AFFD002E6802 /* MyBricksTests.xctest */;
			productType = "com.apple.product-type.bundle.unit-test";
		};
		295ADFD91F16AFFD002E6802 /* MyBricksUITests */ = {
			isa = PBXNativeTarget;
			buildConfigurationList = 295ADFE91F16AFFD002E6802 /* Build configuration list for PBXNativeTarget "MyBricksUITests" */;
			buildPhases = (
				295ADFD61F16AFFD002E6802 /* Sources */,
				295ADFD71F16AFFD002E6802 /* Frameworks */,
				295ADFD81F16AFFD002E6802 /* Resources */,
			);
			buildRules = (
			);
			dependencies = (
				295ADFDC1F16AFFD002E6802 /* PBXTargetDependency */,
			);
			name = MyBricksUITests;
			productName = MyBricksUITests;
			productReference = 295ADFDA1F16AFFD002E6802 /* MyBricksUITests.xctest */;
			productType = "com.apple.product-type.bundle.ui-testing";
		};
/* End PBXNativeTarget section */

/* Begin PBXProject section */
		295ADFB11F16AFFC002E6802 /* Project object */ = {
			isa = PBXProject;
			attributes = {
				LastSwiftUpdateCheck = 0900;
				LastUpgradeCheck = 0900;
				ORGANIZATIONNAME = "Leif Harrison";
				TargetAttributes = {
					295ADFB81F16AFFC002E6802 = {
						CreatedOnToolsVersion = 9.0;
						SystemCapabilities = {
							com.apple.SafariKeychain = {
								enabled = 1;
							};
						};
					};
					295ADFCE1F16AFFD002E6802 = {
						CreatedOnToolsVersion = 9.0;
						TestTargetID = 295ADFB81F16AFFC002E6802;
					};
					295ADFD91F16AFFD002E6802 = {
						CreatedOnToolsVersion = 9.0;
						TestTargetID = 295ADFB81F16AFFC002E6802;
					};
				};
			};
			buildConfigurationList = 295ADFB41F16AFFC002E6802 /* Build configuration list for PBXProject "MyBricks" */;
			compatibilityVersion = "Xcode 8.0";
			developmentRegion = en;
			hasScannedForEncodings = 0;
			knownRegions = (
				en,
				Base,
			);
			mainGroup = 295ADFB01F16AFFC002E6802;
			productRefGroup = 295ADFBA1F16AFFC002E6802 /* Products */;
			projectDirPath = "";
			projectRoot = "";
			targets = (
				295ADFB81F16AFFC002E6802 /* MyBricks */,
				295ADFCE1F16AFFD002E6802 /* MyBricksTests */,
				295ADFD91F16AFFD002E6802 /* MyBricksUITests */,
			);
		};
/* End PBXProject section */

/* Begin PBXResourcesBuildPhase section */
		295ADFB71F16AFFC002E6802 /* Resources */ = {
			isa = PBXResourcesBuildPhase;
			buildActionMask = 2147483647;
			files = (
				294F187D1FB519A70026342F /* Browse.storyboard in Resources */,
				295ADFC91F16AFFD002E6802 /* LaunchScreen.storyboard in Resources */,
				2964609F1FA907FC004850F8 /* NewsItemTableViewCell.xib in Resources */,
				2921AD891FAF6C4000180268 /* News.storyboard in Resources */,
				291AC5EF1FAF6FB0000DC9DD /* Search.storyboard in Resources */,
				294F187F1FB519ED0026342F /* MySets.storyboard in Resources */,
				295ADFC61F16AFFD002E6802 /* Assets.xcassets in Resources */,
				295ADFC41F16AFFD002E6802 /* Main.storyboard in Resources */,
				291AC5EE1FAF6FAC000DC9DD /* Profile.storyboard in Resources */,
			);
			runOnlyForDeploymentPostprocessing = 0;
		};
		295ADFCD1F16AFFD002E6802 /* Resources */ = {
			isa = PBXResourcesBuildPhase;
			buildActionMask = 2147483647;
			files = (
			);
			runOnlyForDeploymentPostprocessing = 0;
		};
		295ADFD81F16AFFD002E6802 /* Resources */ = {
			isa = PBXResourcesBuildPhase;
			buildActionMask = 2147483647;
			files = (
			);
			runOnlyForDeploymentPostprocessing = 0;
		};
/* End PBXResourcesBuildPhase section */

/* Begin PBXShellScriptBuildPhase section */
		0667D550158D584828E9CF9D /* [CP] Check Pods Manifest.lock */ = {
			isa = PBXShellScriptBuildPhase;
			buildActionMask = 2147483647;
			files = (
			);
			inputPaths = (
				"${PODS_PODFILE_DIR_PATH}/Podfile.lock",
				"${PODS_ROOT}/Manifest.lock",
			);
			name = "[CP] Check Pods Manifest.lock";
			outputPaths = (
				"$(DERIVED_FILE_DIR)/Pods-MyBricks-checkManifestLockResult.txt",
			);
			runOnlyForDeploymentPostprocessing = 0;
			shellPath = /bin/sh;
			shellScript = "diff \"${PODS_PODFILE_DIR_PATH}/Podfile.lock\" \"${PODS_ROOT}/Manifest.lock\" > /dev/null\nif [ $? != 0 ] ; then\n    # print error to STDERR\n    echo \"error: The sandbox is not in sync with the Podfile.lock. Run 'pod install' or update your CocoaPods installation.\" >&2\n    exit 1\nfi\n# This output is used by Xcode 'outputs' to avoid re-running this script phase.\necho \"SUCCESS\" > \"${SCRIPT_OUTPUT_FILE_0}\"\n";
			showEnvVarsInLog = 0;
		};
		12E271EAB15143EF4441A2E5 /* [CP] Copy Pods Resources */ = {
			isa = PBXShellScriptBuildPhase;
			buildActionMask = 2147483647;
			files = (
			);
			inputPaths = (
			);
			name = "[CP] Copy Pods Resources";
			outputPaths = (
			);
			runOnlyForDeploymentPostprocessing = 0;
			shellPath = /bin/sh;
			shellScript = "\"${SRCROOT}/Pods/Target Support Files/Pods-MyBricks/Pods-MyBricks-resources.sh\"\n";
			showEnvVarsInLog = 0;
		};
		AE91F3939A2E845F1D4B3DCA /* [CP] Embed Pods Frameworks */ = {
			isa = PBXShellScriptBuildPhase;
			buildActionMask = 2147483647;
			files = (
			);
			inputPaths = (
				"${SRCROOT}/Pods/Target Support Files/Pods-MyBricks/Pods-MyBricks-frameworks.sh",
				"${BUILT_PRODUCTS_DIR}/Alamofire/Alamofire.framework",
				"${BUILT_PRODUCTS_DIR}/AlamofireImage/AlamofireImage.framework",
				"${BUILT_PRODUCTS_DIR}/AlamofireNetworkActivityIndicator/AlamofireNetworkActivityIndicator.framework",
				"${BUILT_PRODUCTS_DIR}/AlamofireRSSParser/AlamofireRSSParser.framework",
				"${BUILT_PRODUCTS_DIR}/BarcodeScanner/BarcodeScanner.framework",
				"${BUILT_PRODUCTS_DIR}/Cosmos/Cosmos.framework",
				"${BUILT_PRODUCTS_DIR}/Fuzi/Fuzi.framework",
				"${BUILT_PRODUCTS_DIR}/KeychainAccess/KeychainAccess.framework",
			);
			name = "[CP] Embed Pods Frameworks";
			outputPaths = (
				"${TARGET_BUILD_DIR}/${FRAMEWORKS_FOLDER_PATH}/Alamofire.framework",
				"${TARGET_BUILD_DIR}/${FRAMEWORKS_FOLDER_PATH}/AlamofireImage.framework",
				"${TARGET_BUILD_DIR}/${FRAMEWORKS_FOLDER_PATH}/AlamofireNetworkActivityIndicator.framework",
				"${TARGET_BUILD_DIR}/${FRAMEWORKS_FOLDER_PATH}/AlamofireRSSParser.framework",
				"${TARGET_BUILD_DIR}/${FRAMEWORKS_FOLDER_PATH}/BarcodeScanner.framework",
				"${TARGET_BUILD_DIR}/${FRAMEWORKS_FOLDER_PATH}/Cosmos.framework",
				"${TARGET_BUILD_DIR}/${FRAMEWORKS_FOLDER_PATH}/Fuzi.framework",
				"${TARGET_BUILD_DIR}/${FRAMEWORKS_FOLDER_PATH}/KeychainAccess.framework",
			);
			runOnlyForDeploymentPostprocessing = 0;
			shellPath = /bin/sh;
			shellScript = "\"${SRCROOT}/Pods/Target Support Files/Pods-MyBricks/Pods-MyBricks-frameworks.sh\"\n";
			showEnvVarsInLog = 0;
		};
/* End PBXShellScriptBuildPhase section */

/* Begin PBXSourcesBuildPhase section */
		295ADFB51F16AFFC002E6802 /* Sources */ = {
			isa = PBXSourcesBuildPhase;
			buildActionMask = 2147483647;
			files = (
				29365B7C1F8EDAA500F6730C /* LoginViewController.swift in Sources */,
				292F4F571F193092006D5F5B /* BricksetServices.swift in Sources */,
				29CA94A11F8D508A000F1DE3 /* BrowseSetsViewController.swift in Sources */,
				29CA94A61F8D72DC000F1DE3 /* SetTableViewCell.swift in Sources */,
				29C111A51FC48988007CBDB4 /* ReviewDetailAnimator.swift in Sources */,
				2949A9531FBFDAED00676D59 /* SetReview.swift in Sources */,
				291DEE9D1FE27604004906E4 /* UIResponder+Extensions.swift in Sources */,
				29365B771F8EBF2A00F6730C /* NewsViewController.swift in Sources */,
				29F60F5B1FD3769E00DF2E48 /* PreviewView.swift in Sources */,
				29E86FDB1F31293900A67179 /* ThemeTableViewCell.swift in Sources */,
				29C111A11FC3F0F6007CBDB4 /* UIView+Extensions.swift in Sources */,
				294F187A1FB4EDC20026342F /* GradientView.swift in Sources */,
				298FC8311FBA45940094D6DF /* BarcodeScannerViewController.swift in Sources */,
				295ADFC11F16AFFD002E6802 /* SearchViewController.swift in Sources */,
				2940FD821FD4EAF400F860F3 /* SearchHistoryItem+CoreDataProperties.swift in Sources */,
				298F10901FFF3BC800CC14E9 /* GetSetsRequest.swift in Sources */,
				29B9514D1FDBCC8B0049147E /* Element.swift in Sources */,
				29C111A91FCA411B007CBDB4 /* InstructionsTableViewCell.swift in Sources */,
				2949A94F1FBFBEC800676D59 /* InstructionsViewController.swift in Sources */,
				29B951511FDBCCA00049147E /* Color.swift in Sources */,
				29D30CA51FDE1A690076DB85 /* PartsListTableViewCell.swift in Sources */,
				2945A1FD1F9FDB5300827BA7 /* SetDetailTableViewCell.swift in Sources */,
				293C9A701FD496BB0058DA59 /* DataManager.swift in Sources */,
				29365B751F8EBF1C00F6730C /* MySetsViewController.swift in Sources */,
				297476EE1F1D3DC600FC354B /* SetTheme.swift in Sources */,
				2973B5781F96834D002CD0DA /* UserPofile.swift in Sources */,
				2964609E1FA907FC004850F8 /* NewsItemTableViewCell.swift in Sources */,
				29AE22CF1FCB9A6500744045 /* SetDescriptionTableViewCell.swift in Sources */,
				29D30CA31FDDD8F60076DB85 /* GetPartsResponse.swift in Sources */,
				29DFEA141FA29BF500AB0AE8 /* SetCollectionTableViewCell.swift in Sources */,
				297E119F1F9563F500AAE8CB /* UserCollectionTotals.swift in Sources */,
				296EB6E21FBF5E5700D4D3C6 /* SetPartsTableViewCell.swift in Sources */,
				296EB6E01FBF5E4500D4D3C6 /* SetReviewsTableViewCell.swift in Sources */,
				293C9A6E1FD495C70058DA59 /* MyBricks.xcdatamodeld in Sources */,
				2928611D1FD50D24005F15D8 /* SearchHistoryTableViewCell.swift in Sources */,
				291AC5F41FB103E4000DC9DD /* MySetsHeaderView.swift in Sources */,
				295ADFBD1F16AFFC002E6802 /* AppDelegate.swift in Sources */,
				29CCD8EE1F993E12009A39CF /* SetDetailViewController.swift in Sources */,
				29C111A71FCA2E94007CBDB4 /* SetInstructions.swift in Sources */,
				29B9514B1FDBA73E0049147E /* RebrickableServices.swift in Sources */,
				2973F3441FBE173800861125 /* UIDevice+Extensions.swift in Sources */,
				29A523421F310261005F2145 /* UIViewController+Extensions.swift in Sources */,
				29B9514F1FDBCC950049147E /* Part.swift in Sources */,
				2949A9551FBFE05E00676D59 /* SetReviewTableViewCell.swift in Sources */,
				29365B791F8EBF3B00F6730C /* ProfileViewController.swift in Sources */,
				295ADFBF1F16AFFD002E6802 /* BrowseThemesViewController.swift in Sources */,
				296EB6E41FBFA71A00D4D3C6 /* SetRetailPrice.swift in Sources */,
				2949A94D1FBFBEB500676D59 /* ReviewsViewController.swift in Sources */,
				296460A11FA92AA2004850F8 /* NewsItemViewController.swift in Sources */,
				29FCC3461FBA14F500079032 /* SetDetail.swift in Sources */,
				296EB6DE1FBF5E3600D4D3C6 /* SetImageTableViewCell.swift in Sources */,
				2940FD831FD4EAF400F860F3 /* SearchHistoryItem+CoreDataClass.swift in Sources */,
				29C111A31FC4893E007CBDB4 /* ReviewDetailViewController.swift in Sources */,
				2949A9511FBFBEE000676D59 /* PartsListViewController.swift in Sources */,
				296EB6E61FBFAA6000D4D3C6 /* Locale+Extensions.swift in Sources */,
				29CA94A31F8D5132000F1DE3 /* Set.swift in Sources */,
			);
			runOnlyForDeploymentPostprocessing = 0;
		};
		295ADFCB1F16AFFD002E6802 /* Sources */ = {
			isa = PBXSourcesBuildPhase;
			buildActionMask = 2147483647;
			files = (
				295ADFD41F16AFFD002E6802 /* MyBricksTests.swift in Sources */,
			);
			runOnlyForDeploymentPostprocessing = 0;
		};
		295ADFD61F16AFFD002E6802 /* Sources */ = {
			isa = PBXSourcesBuildPhase;
			buildActionMask = 2147483647;
			files = (
				295ADFDF1F16AFFD002E6802 /* MyBricksUITests.swift in Sources */,
			);
			runOnlyForDeploymentPostprocessing = 0;
		};
/* End PBXSourcesBuildPhase section */

/* Begin PBXTargetDependency section */
		295ADFD11F16AFFD002E6802 /* PBXTargetDependency */ = {
			isa = PBXTargetDependency;
			target = 295ADFB81F16AFFC002E6802 /* MyBricks */;
			targetProxy = 295ADFD01F16AFFD002E6802 /* PBXContainerItemProxy */;
		};
		295ADFDC1F16AFFD002E6802 /* PBXTargetDependency */ = {
			isa = PBXTargetDependency;
			target = 295ADFB81F16AFFC002E6802 /* MyBricks */;
			targetProxy = 295ADFDB1F16AFFD002E6802 /* PBXContainerItemProxy */;
		};
/* End PBXTargetDependency section */

/* Begin PBXVariantGroup section */
		295ADFC21F16AFFD002E6802 /* Main.storyboard */ = {
			isa = PBXVariantGroup;
			children = (
				295ADFC31F16AFFD002E6802 /* Base */,
			);
			name = Main.storyboard;
			sourceTree = "<group>";
		};
		295ADFC71F16AFFD002E6802 /* LaunchScreen.storyboard */ = {
			isa = PBXVariantGroup;
			children = (
				295ADFC81F16AFFD002E6802 /* Base */,
			);
			name = LaunchScreen.storyboard;
			sourceTree = "<group>";
		};
/* End PBXVariantGroup section */

/* Begin XCBuildConfiguration section */
		295ADFE11F16AFFD002E6802 /* Debug */ = {
			isa = XCBuildConfiguration;
			buildSettings = {
				ALWAYS_SEARCH_USER_PATHS = NO;
				CLANG_ANALYZER_NONNULL = YES;
				CLANG_ANALYZER_NUMBER_OBJECT_CONVERSION = YES_AGGRESSIVE;
				CLANG_CXX_LANGUAGE_STANDARD = "gnu++14";
				CLANG_CXX_LIBRARY = "libc++";
				CLANG_ENABLE_MODULES = YES;
				CLANG_ENABLE_OBJC_ARC = YES;
				CLANG_WARN_BLOCK_CAPTURE_AUTORELEASING = YES;
				CLANG_WARN_BOOL_CONVERSION = YES;
				CLANG_WARN_COMMA = YES;
				CLANG_WARN_CONSTANT_CONVERSION = YES;
				CLANG_WARN_DIRECT_OBJC_ISA_USAGE = YES_ERROR;
				CLANG_WARN_DOCUMENTATION_COMMENTS = YES;
				CLANG_WARN_EMPTY_BODY = YES;
				CLANG_WARN_ENUM_CONVERSION = YES;
				CLANG_WARN_INFINITE_RECURSION = YES;
				CLANG_WARN_INT_CONVERSION = YES;
				CLANG_WARN_NON_LITERAL_NULL_CONVERSION = YES;
				CLANG_WARN_OBJC_LITERAL_CONVERSION = YES;
				CLANG_WARN_OBJC_ROOT_CLASS = YES_ERROR;
				CLANG_WARN_RANGE_LOOP_ANALYSIS = YES;
				CLANG_WARN_STRICT_PROTOTYPES = YES;
				CLANG_WARN_SUSPICIOUS_MOVE = YES;
				CLANG_WARN_UNGUARDED_AVAILABILITY = YES_AGGRESSIVE;
				CLANG_WARN_UNREACHABLE_CODE = YES;
				CLANG_WARN__DUPLICATE_METHOD_MATCH = YES;
				CODE_SIGN_IDENTITY = "iPhone Developer";
				COPY_PHASE_STRIP = NO;
				DEBUG_INFORMATION_FORMAT = dwarf;
				ENABLE_STRICT_OBJC_MSGSEND = YES;
				ENABLE_TESTABILITY = YES;
				GCC_C_LANGUAGE_STANDARD = gnu11;
				GCC_DYNAMIC_NO_PIC = NO;
				GCC_NO_COMMON_BLOCKS = YES;
				GCC_OPTIMIZATION_LEVEL = 0;
				GCC_PREPROCESSOR_DEFINITIONS = (
					"DEBUG=1",
					"$(inherited)",
				);
				GCC_WARN_64_TO_32_BIT_CONVERSION = YES;
				GCC_WARN_ABOUT_RETURN_TYPE = YES_ERROR;
				GCC_WARN_UNDECLARED_SELECTOR = YES;
				GCC_WARN_UNINITIALIZED_AUTOS = YES_AGGRESSIVE;
				GCC_WARN_UNUSED_FUNCTION = YES;
				GCC_WARN_UNUSED_VARIABLE = YES;
				IPHONEOS_DEPLOYMENT_TARGET = 11.0;
				MTL_ENABLE_DEBUG_INFO = YES;
				ONLY_ACTIVE_ARCH = YES;
				SDKROOT = iphoneos;
				SWIFT_ACTIVE_COMPILATION_CONDITIONS = DEBUG;
				SWIFT_OPTIMIZATION_LEVEL = "-Onone";
			};
			name = Debug;
		};
		295ADFE21F16AFFD002E6802 /* Release */ = {
			isa = XCBuildConfiguration;
			buildSettings = {
				ALWAYS_SEARCH_USER_PATHS = NO;
				CLANG_ANALYZER_NONNULL = YES;
				CLANG_ANALYZER_NUMBER_OBJECT_CONVERSION = YES_AGGRESSIVE;
				CLANG_CXX_LANGUAGE_STANDARD = "gnu++14";
				CLANG_CXX_LIBRARY = "libc++";
				CLANG_ENABLE_MODULES = YES;
				CLANG_ENABLE_OBJC_ARC = YES;
				CLANG_WARN_BLOCK_CAPTURE_AUTORELEASING = YES;
				CLANG_WARN_BOOL_CONVERSION = YES;
				CLANG_WARN_COMMA = YES;
				CLANG_WARN_CONSTANT_CONVERSION = YES;
				CLANG_WARN_DIRECT_OBJC_ISA_USAGE = YES_ERROR;
				CLANG_WARN_DOCUMENTATION_COMMENTS = YES;
				CLANG_WARN_EMPTY_BODY = YES;
				CLANG_WARN_ENUM_CONVERSION = YES;
				CLANG_WARN_INFINITE_RECURSION = YES;
				CLANG_WARN_INT_CONVERSION = YES;
				CLANG_WARN_NON_LITERAL_NULL_CONVERSION = YES;
				CLANG_WARN_OBJC_LITERAL_CONVERSION = YES;
				CLANG_WARN_OBJC_ROOT_CLASS = YES_ERROR;
				CLANG_WARN_RANGE_LOOP_ANALYSIS = YES;
				CLANG_WARN_STRICT_PROTOTYPES = YES;
				CLANG_WARN_SUSPICIOUS_MOVE = YES;
				CLANG_WARN_UNGUARDED_AVAILABILITY = YES_AGGRESSIVE;
				CLANG_WARN_UNREACHABLE_CODE = YES;
				CLANG_WARN__DUPLICATE_METHOD_MATCH = YES;
				CODE_SIGN_IDENTITY = "iPhone Developer";
				COPY_PHASE_STRIP = NO;
				DEBUG_INFORMATION_FORMAT = "dwarf-with-dsym";
				ENABLE_NS_ASSERTIONS = NO;
				ENABLE_STRICT_OBJC_MSGSEND = YES;
				GCC_C_LANGUAGE_STANDARD = gnu11;
				GCC_NO_COMMON_BLOCKS = YES;
				GCC_WARN_64_TO_32_BIT_CONVERSION = YES;
				GCC_WARN_ABOUT_RETURN_TYPE = YES_ERROR;
				GCC_WARN_UNDECLARED_SELECTOR = YES;
				GCC_WARN_UNINITIALIZED_AUTOS = YES_AGGRESSIVE;
				GCC_WARN_UNUSED_FUNCTION = YES;
				GCC_WARN_UNUSED_VARIABLE = YES;
				IPHONEOS_DEPLOYMENT_TARGET = 11.0;
				MTL_ENABLE_DEBUG_INFO = NO;
				SDKROOT = iphoneos;
				SWIFT_OPTIMIZATION_LEVEL = "-Owholemodule";
				VALIDATE_PRODUCT = YES;
			};
			name = Release;
		};
		295ADFE41F16AFFD002E6802 /* Debug */ = {
			isa = XCBuildConfiguration;
			baseConfigurationReference = 593F839198E1796EC36B980B /* Pods-MyBricks.debug.xcconfig */;
			buildSettings = {
				ASSETCATALOG_COMPILER_APPICON_NAME = AppIcon;
				CODE_SIGN_ENTITLEMENTS = MyBricks/Support/MyBricks.entitlements;
				DEVELOPMENT_TEAM = LY3N4LXUKP;
				FRAMEWORK_SEARCH_PATHS = "$(inherited)";
				HEADER_SEARCH_PATHS = (
					"$(SDKROOT)/usr/include/libxml2",
					"$(inherited)",
				);
				INFOPLIST_FILE = "$(SRCROOT)/MyBricks/Support/Info.plist";
				IPHONEOS_DEPLOYMENT_TARGET = 11.0;
				LD_RUNPATH_SEARCH_PATHS = "$(inherited) @executable_path/Frameworks";
				OTHER_LDFLAGS = (
					"$(inherited)",
					"-framework",
					"\"Alamofire\"",
					"-framework",
					"\"AlamofireImage\"",
					"-framework",
					"\"AlamofireNetworkActivityIndicator\"",
					"-framework",
					"\"AlamofireRSSParser\"",
					"-framework",
					"\"Cosmos\"",
					"-framework",
					"\"Fuzi\"",
					"-framework",
					"\"KeychainAccess\"",
					"-lxml2",
				);
				PRODUCT_BUNDLE_IDENTIFIER = org.catsreach.MyBricks;
				PRODUCT_NAME = "$(TARGET_NAME)";
				SWIFT_VERSION = 4.0;
				TARGETED_DEVICE_FAMILY = "1,2";
			};
			name = Debug;
		};
		295ADFE51F16AFFD002E6802 /* Release */ = {
			isa = XCBuildConfiguration;
			baseConfigurationReference = 9C22940D3A15FE3E6B89AED7 /* Pods-MyBricks.release.xcconfig */;
			buildSettings = {
				ASSETCATALOG_COMPILER_APPICON_NAME = AppIcon;
				CODE_SIGN_ENTITLEMENTS = MyBricks/Support/MyBricks.entitlements;
				DEVELOPMENT_TEAM = LY3N4LXUKP;
				FRAMEWORK_SEARCH_PATHS = "$(inherited)";
				HEADER_SEARCH_PATHS = (
					"$(SDKROOT)/usr/include/libxml2",
					"$(inherited)",
				);
				INFOPLIST_FILE = "$(SRCROOT)/MyBricks/Support/Info.plist";
				IPHONEOS_DEPLOYMENT_TARGET = 11.0;
				LD_RUNPATH_SEARCH_PATHS = "$(inherited) @executable_path/Frameworks";
				OTHER_LDFLAGS = (
					"$(inherited)",
					"-framework",
					"\"Alamofire\"",
					"-framework",
					"\"AlamofireImage\"",
					"-framework",
					"\"AlamofireNetworkActivityIndicator\"",
					"-framework",
					"\"AlamofireRSSParser\"",
					"-framework",
					"\"Cosmos\"",
					"-framework",
					"\"Fuzi\"",
					"-framework",
					"\"KeychainAccess\"",
					"-lxml2",
				);
				PRODUCT_BUNDLE_IDENTIFIER = org.catsreach.MyBricks;
				PRODUCT_NAME = "$(TARGET_NAME)";
				SWIFT_VERSION = 4.0;
				TARGETED_DEVICE_FAMILY = "1,2";
			};
			name = Release;
		};
		295ADFE71F16AFFD002E6802 /* Debug */ = {
			isa = XCBuildConfiguration;
			buildSettings = {
				ALWAYS_EMBED_SWIFT_STANDARD_LIBRARIES = YES;
				BUNDLE_LOADER = "$(TEST_HOST)";
				DEVELOPMENT_TEAM = LY3N4LXUKP;
				INFOPLIST_FILE = MyBricksTests/Info.plist;
				LD_RUNPATH_SEARCH_PATHS = "$(inherited) @executable_path/Frameworks @loader_path/Frameworks";
				PRODUCT_BUNDLE_IDENTIFIER = org.catsreach.MyBricksTests;
				PRODUCT_NAME = "$(TARGET_NAME)";
				SWIFT_VERSION = 4.0;
				TARGETED_DEVICE_FAMILY = "1,2";
				TEST_HOST = "$(BUILT_PRODUCTS_DIR)/MyBricks.app/MyBricks";
			};
			name = Debug;
		};
		295ADFE81F16AFFD002E6802 /* Release */ = {
			isa = XCBuildConfiguration;
			buildSettings = {
				ALWAYS_EMBED_SWIFT_STANDARD_LIBRARIES = YES;
				BUNDLE_LOADER = "$(TEST_HOST)";
				DEVELOPMENT_TEAM = LY3N4LXUKP;
				INFOPLIST_FILE = MyBricksTests/Info.plist;
				LD_RUNPATH_SEARCH_PATHS = "$(inherited) @executable_path/Frameworks @loader_path/Frameworks";
				PRODUCT_BUNDLE_IDENTIFIER = org.catsreach.MyBricksTests;
				PRODUCT_NAME = "$(TARGET_NAME)";
				SWIFT_VERSION = 4.0;
				TARGETED_DEVICE_FAMILY = "1,2";
				TEST_HOST = "$(BUILT_PRODUCTS_DIR)/MyBricks.app/MyBricks";
			};
			name = Release;
		};
		295ADFEA1F16AFFD002E6802 /* Debug */ = {
			isa = XCBuildConfiguration;
			buildSettings = {
				ALWAYS_EMBED_SWIFT_STANDARD_LIBRARIES = YES;
				DEVELOPMENT_TEAM = LY3N4LXUKP;
				INFOPLIST_FILE = MyBricksUITests/Info.plist;
				LD_RUNPATH_SEARCH_PATHS = "$(inherited) @executable_path/Frameworks @loader_path/Frameworks";
				PRODUCT_BUNDLE_IDENTIFIER = org.catsreach.MyBricksUITests;
				PRODUCT_NAME = "$(TARGET_NAME)";
				SWIFT_VERSION = 4.0;
				TARGETED_DEVICE_FAMILY = "1,2";
				TEST_TARGET_NAME = MyBricks;
			};
			name = Debug;
		};
		295ADFEB1F16AFFD002E6802 /* Release */ = {
			isa = XCBuildConfiguration;
			buildSettings = {
				ALWAYS_EMBED_SWIFT_STANDARD_LIBRARIES = YES;
				DEVELOPMENT_TEAM = LY3N4LXUKP;
				INFOPLIST_FILE = MyBricksUITests/Info.plist;
				LD_RUNPATH_SEARCH_PATHS = "$(inherited) @executable_path/Frameworks @loader_path/Frameworks";
				PRODUCT_BUNDLE_IDENTIFIER = org.catsreach.MyBricksUITests;
				PRODUCT_NAME = "$(TARGET_NAME)";
				SWIFT_VERSION = 4.0;
				TARGETED_DEVICE_FAMILY = "1,2";
				TEST_TARGET_NAME = MyBricks;
			};
			name = Release;
		};
/* End XCBuildConfiguration section */

/* Begin XCConfigurationList section */
		295ADFB41F16AFFC002E6802 /* Build configuration list for PBXProject "MyBricks" */ = {
			isa = XCConfigurationList;
			buildConfigurations = (
				295ADFE11F16AFFD002E6802 /* Debug */,
				295ADFE21F16AFFD002E6802 /* Release */,
			);
			defaultConfigurationIsVisible = 0;
			defaultConfigurationName = Release;
		};
		295ADFE31F16AFFD002E6802 /* Build configuration list for PBXNativeTarget "MyBricks" */ = {
			isa = XCConfigurationList;
			buildConfigurations = (
				295ADFE41F16AFFD002E6802 /* Debug */,
				295ADFE51F16AFFD002E6802 /* Release */,
			);
			defaultConfigurationIsVisible = 0;
			defaultConfigurationName = Release;
		};
		295ADFE61F16AFFD002E6802 /* Build configuration list for PBXNativeTarget "MyBricksTests" */ = {
			isa = XCConfigurationList;
			buildConfigurations = (
				295ADFE71F16AFFD002E6802 /* Debug */,
				295ADFE81F16AFFD002E6802 /* Release */,
			);
			defaultConfigurationIsVisible = 0;
			defaultConfigurationName = Release;
		};
		295ADFE91F16AFFD002E6802 /* Build configuration list for PBXNativeTarget "MyBricksUITests" */ = {
			isa = XCConfigurationList;
			buildConfigurations = (
				295ADFEA1F16AFFD002E6802 /* Debug */,
				295ADFEB1F16AFFD002E6802 /* Release */,
			);
			defaultConfigurationIsVisible = 0;
			defaultConfigurationName = Release;
		};
/* End XCConfigurationList section */

/* Begin XCVersionGroup section */
		293C9A6C1FD495C70058DA59 /* MyBricks.xcdatamodeld */ = {
			isa = XCVersionGroup;
			children = (
				293C9A6D1FD495C70058DA59 /* MyBricks.xcdatamodel */,
			);
			currentVersion = 293C9A6D1FD495C70058DA59 /* MyBricks.xcdatamodel */;
			path = MyBricks.xcdatamodeld;
			sourceTree = "<group>";
			versionGroupType = wrapper.xcdatamodel;
		};
/* End XCVersionGroup section */
	};
	rootObject = 295ADFB11F16AFFC002E6802 /* Project object */;
}
